// !$*UTF8*$!
{
	archiveVersion = 1;
	classes = {
	};
	objectVersion = 46;
	objects = {

/* Begin PBXBuildFile section */
		6FCF34F819D8FB14003B3F1F /* Foundation.framework in Frameworks */ = {isa = PBXBuildFile; fileRef = 6FCF34F719D8FB14003B3F1F /* Foundation.framework */; };
		6FCF34FA19D8FB14003B3F1F /* CoreGraphics.framework in Frameworks */ = {isa = PBXBuildFile; fileRef = 6FCF34F919D8FB14003B3F1F /* CoreGraphics.framework */; };
		6FCF34FC19D8FB14003B3F1F /* UIKit.framework in Frameworks */ = {isa = PBXBuildFile; fileRef = 6FCF34FB19D8FB14003B3F1F /* UIKit.framework */; };
		6FCF350219D8FB14003B3F1F /* InfoPlist.strings in Resources */ = {isa = PBXBuildFile; fileRef = 6FCF350019D8FB14003B3F1F /* InfoPlist.strings */; };
		6FCF350419D8FB14003B3F1F /* main.m in Sources */ = {isa = PBXBuildFile; fileRef = 6FCF350319D8FB14003B3F1F /* main.m */; };
		6FCF350819D8FB14003B3F1F /* AppDelegate.m in Sources */ = {isa = PBXBuildFile; fileRef = 6FCF350719D8FB14003B3F1F /* AppDelegate.m */; };
		6FCF350A19D8FB14003B3F1F /* Images.xcassets in Resources */ = {isa = PBXBuildFile; fileRef = 6FCF350919D8FB14003B3F1F /* Images.xcassets */; };
		6FCF351119D8FB14003B3F1F /* XCTest.framework in Frameworks */ = {isa = PBXBuildFile; fileRef = 6FCF351019D8FB14003B3F1F /* XCTest.framework */; };
		6FCF351219D8FB14003B3F1F /* Foundation.framework in Frameworks */ = {isa = PBXBuildFile; fileRef = 6FCF34F719D8FB14003B3F1F /* Foundation.framework */; };
		6FCF351319D8FB14003B3F1F /* UIKit.framework in Frameworks */ = {isa = PBXBuildFile; fileRef = 6FCF34FB19D8FB14003B3F1F /* UIKit.framework */; };
		6FCF351B19D8FB14003B3F1F /* InfoPlist.strings in Resources */ = {isa = PBXBuildFile; fileRef = 6FCF351919D8FB14003B3F1F /* InfoPlist.strings */; };
		6FCF351D19D8FB14003B3F1F /* iOSMakeUpTests.m in Sources */ = {isa = PBXBuildFile; fileRef = 6FCF351C19D8FB14003B3F1F /* iOSMakeUpTests.m */; };
/* End PBXBuildFile section */

/* Begin PBXContainerItemProxy section */
		6FCF351419D8FB14003B3F1F /* PBXContainerItemProxy */ = {
			isa = PBXContainerItemProxy;
			containerPortal = 6FCF34EC19D8FB14003B3F1F /* Project object */;
			proxyType = 1;
			remoteGlobalIDString = 6FCF34F319D8FB14003B3F1F;
			remoteInfo = iOSMakeUp;
		};
/* End PBXContainerItemProxy section */

/* Begin PBXFileReference section */
		6FCF34F419D8FB14003B3F1F /* iOSMakeUp.app */ = {isa = PBXFileReference; explicitFileType = wrapper.application; includeInIndex = 0; path = iOSMakeUp.app; sourceTree = BUILT_PRODUCTS_DIR; };
		6FCF34F719D8FB14003B3F1F /* Foundation.framework */ = {isa = PBXFileReference; lastKnownFileType = wrapper.framework; name = Foundation.framework; path = System/Library/Frameworks/Foundation.framework; sourceTree = SDKROOT; };
		6FCF34F919D8FB14003B3F1F /* CoreGraphics.framework */ = {isa = PBXFileReference; lastKnownFileType = wrapper.framework; name = CoreGraphics.framework; path = System/Library/Frameworks/CoreGraphics.framework; sourceTree = SDKROOT; };
		6FCF34FB19D8FB14003B3F1F /* UIKit.framework */ = {isa = PBXFileReference; lastKnownFileType = wrapper.framework; name = UIKit.framework; path = System/Library/Frameworks/UIKit.framework; sourceTree = SDKROOT; };
		6FCF34FF19D8FB14003B3F1F /* iOSMakeUp-Info.plist */ = {isa = PBXFileReference; lastKnownFileType = text.plist.xml; path = "iOSMakeUp-Info.plist"; sourceTree = "<group>"; };
		6FCF350119D8FB14003B3F1F /* en */ = {isa = PBXFileReference; lastKnownFileType = text.plist.strings; name = en; path = en.lproj/InfoPlist.strings; sourceTree = "<group>"; };
		6FCF350319D8FB14003B3F1F /* main.m */ = {isa = PBXFileReference; lastKnownFileType = sourcecode.c.objc; path = main.m; sourceTree = "<group>"; };
		6FCF350519D8FB14003B3F1F /* iOSMakeUp-Prefix.pch */ = {isa = PBXFileReference; lastKnownFileType = sourcecode.c.h; path = "iOSMakeUp-Prefix.pch"; sourceTree = "<group>"; };
		6FCF350619D8FB14003B3F1F /* AppDelegate.h */ = {isa = PBXFileReference; lastKnownFileType = sourcecode.c.h; path = AppDelegate.h; sourceTree = "<group>"; };
		6FCF350719D8FB14003B3F1F /* AppDelegate.m */ = {isa = PBXFileReference; lastKnownFileType = sourcecode.c.objc; path = AppDelegate.m; sourceTree = "<group>"; };
		6FCF350919D8FB14003B3F1F /* Images.xcassets */ = {isa = PBXFileReference; lastKnownFileType = folder.assetcatalog; path = Images.xcassets; sourceTree = "<group>"; };
		6FCF350F19D8FB14003B3F1F /* iOSMakeUpTests.xctest */ = {isa = PBXFileReference; explicitFileType = wrapper.cfbundle; includeInIndex = 0; path = iOSMakeUpTests.xctest; sourceTree = BUILT_PRODUCTS_DIR; };
		6FCF351019D8FB14003B3F1F /* XCTest.framework */ = {isa = PBXFileReference; lastKnownFileType = wrapper.framework; name = XCTest.framework; path = Library/Frameworks/XCTest.framework; sourceTree = DEVELOPER_DIR; };
		6FCF351819D8FB14003B3F1F /* iOSMakeUpTests-Info.plist */ = {isa = PBXFileReference; lastKnownFileType = text.plist.xml; path = "iOSMakeUpTests-Info.plist"; sourceTree = "<group>"; };
		6FCF351A19D8FB14003B3F1F /* en */ = {isa = PBXFileReference; lastKnownFileType = text.plist.strings; name = en; path = en.lproj/InfoPlist.strings; sourceTree = "<group>"; };
		6FCF351C19D8FB14003B3F1F /* iOSMakeUpTests.m */ = {isa = PBXFileReference; lastKnownFileType = sourcecode.c.objc; path = iOSMakeUpTests.m; sourceTree = "<group>"; };
/* End PBXFileReference section */

/* Begin PBXFrameworksBuildPhase section */
		6FCF34F119D8FB14003B3F1F /* Frameworks */ = {
			isa = PBXFrameworksBuildPhase;
			buildActionMask = 2147483647;
			files = (
				6FCF34FA19D8FB14003B3F1F /* CoreGraphics.framework in Frameworks */,
				6FCF34FC19D8FB14003B3F1F /* UIKit.framework in Frameworks */,
				6FCF34F819D8FB14003B3F1F /* Foundation.framework in Frameworks */,
			);
			runOnlyForDeploymentPostprocessing = 0;
		};
		6FCF350C19D8FB14003B3F1F /* Frameworks */ = {
			isa = PBXFrameworksBuildPhase;
			buildActionMask = 2147483647;
			files = (
				6FCF351119D8FB14003B3F1F /* XCTest.framework in Frameworks */,
				6FCF351319D8FB14003B3F1F /* UIKit.framework in Frameworks */,
				6FCF351219D8FB14003B3F1F /* Foundation.framework in Frameworks */,
			);
			runOnlyForDeploymentPostprocessing = 0;
		};
/* End PBXFrameworksBuildPhase section */

/* Begin PBXGroup section */
		6FCF34EB19D8FB14003B3F1F = {
			isa = PBXGroup;
			children = (
				6FCF34FD19D8FB14003B3F1F /* iOSMakeUp */,
				6FCF351619D8FB14003B3F1F /* iOSMakeUpTests */,
				6FCF34F619D8FB14003B3F1F /* Frameworks */,
				6FCF34F519D8FB14003B3F1F /* Products */,
			);
			sourceTree = "<group>";
		};
		6FCF34F519D8FB14003B3F1F /* Products */ = {
			isa = PBXGroup;
			children = (
				6FCF34F419D8FB14003B3F1F /* iOSMakeUp.app */,
				6FCF350F19D8FB14003B3F1F /* iOSMakeUpTests.xctest */,
			);
			name = Products;
			sourceTree = "<group>";
		};
		6FCF34F619D8FB14003B3F1F /* Frameworks */ = {
			isa = PBXGroup;
			children = (
				6FCF34F719D8FB14003B3F1F /* Foundation.framework */,
				6FCF34F919D8FB14003B3F1F /* CoreGraphics.framework */,
				6FCF34FB19D8FB14003B3F1F /* UIKit.framework */,
				6FCF351019D8FB14003B3F1F /* XCTest.framework */,
			);
			name = Frameworks;
			sourceTree = "<group>";
		};
		6FCF34FD19D8FB14003B3F1F /* iOSMakeUp */ = {
			isa = PBXGroup;
			children = (
				6FCF350619D8FB14003B3F1F /* AppDelegate.h */,
				6FCF350719D8FB14003B3F1F /* AppDelegate.m */,
				6FCF350919D8FB14003B3F1F /* Images.xcassets */,
				6FCF34FE19D8FB14003B3F1F /* Supporting Files */,
			);
			path = iOSMakeUp;
			sourceTree = "<group>";
		};
		6FCF34FE19D8FB14003B3F1F /* Supporting Files */ = {
			isa = PBXGroup;
			children = (
				6FCF34FF19D8FB14003B3F1F /* iOSMakeUp-Info.plist */,
				6FCF350019D8FB14003B3F1F /* InfoPlist.strings */,
				6FCF350319D8FB14003B3F1F /* main.m */,
				6FCF350519D8FB14003B3F1F /* iOSMakeUp-Prefix.pch */,
			);
			name = "Supporting Files";
			sourceTree = "<group>";
		};
		6FCF351619D8FB14003B3F1F /* iOSMakeUpTests */ = {
			isa = PBXGroup;
			children = (
				6FCF351C19D8FB14003B3F1F /* iOSMakeUpTests.m */,
				6FCF351719D8FB14003B3F1F /* Supporting Files */,
			);
			path = iOSMakeUpTests;
			sourceTree = "<group>";
		};
		6FCF351719D8FB14003B3F1F /* Supporting Files */ = {
			isa = PBXGroup;
			children = (
				6FCF351819D8FB14003B3F1F /* iOSMakeUpTests-Info.plist */,
				6FCF351919D8FB14003B3F1F /* InfoPlist.strings */,
			);
			name = "Supporting Files";
			sourceTree = "<group>";
		};
/* End PBXGroup section */

/* Begin PBXNativeTarget section */
		6FCF34F319D8FB14003B3F1F /* iOSMakeUp */ = {
			isa = PBXNativeTarget;
			buildConfigurationList = 6FCF352019D8FB14003B3F1F /* Build configuration list for PBXNativeTarget "iOSMakeUp" */;
			buildPhases = (
				6FCF34F019D8FB14003B3F1F /* Sources */,
				6FCF34F119D8FB14003B3F1F /* Frameworks */,
				6FCF34F219D8FB14003B3F1F /* Resources */,
			);
			buildRules = (
			);
			dependencies = (
			);
			name = iOSMakeUp;
			productName = iOSMakeUp;
			productReference = 6FCF34F419D8FB14003B3F1F /* iOSMakeUp.app */;
			productType = "com.apple.product-type.application";
		};
		6FCF350E19D8FB14003B3F1F /* iOSMakeUpTests */ = {
			isa = PBXNativeTarget;
			buildConfigurationList = 6FCF352319D8FB14003B3F1F /* Build configuration list for PBXNativeTarget "iOSMakeUpTests" */;
			buildPhases = (
				6FCF350B19D8FB14003B3F1F /* Sources */,
				6FCF350C19D8FB14003B3F1F /* Frameworks */,
				6FCF350D19D8FB14003B3F1F /* Resources */,
			);
			buildRules = (
			);
			dependencies = (
				6FCF351519D8FB14003B3F1F /* PBXTargetDependency */,
			);
			name = iOSMakeUpTests;
			productName = iOSMakeUpTests;
			productReference = 6FCF350F19D8FB14003B3F1F /* iOSMakeUpTests.xctest */;
			productType = "com.apple.product-type.bundle.unit-test";
		};
/* End PBXNativeTarget section */

/* Begin PBXProject section */
		6FCF34EC19D8FB14003B3F1F /* Project object */ = {
			isa = PBXProject;
			attributes = {
				LastUpgradeCheck = 0510;
				ORGANIZATIONNAME = rcplatform;
				TargetAttributes = {
					6FCF350E19D8FB14003B3F1F = {
						TestTargetID = 6FCF34F319D8FB14003B3F1F;
					};
				};
			};
			buildConfigurationList = 6FCF34EF19D8FB14003B3F1F /* Build configuration list for PBXProject "iOSMakeUp" */;
			compatibilityVersion = "Xcode 3.2";
			developmentRegion = English;
			hasScannedForEncodings = 0;
			knownRegions = (
				en,
			);
			mainGroup = 6FCF34EB19D8FB14003B3F1F;
			productRefGroup = 6FCF34F519D8FB14003B3F1F /* Products */;
			projectDirPath = "";
			projectRoot = "";
			targets = (
				6FCF34F319D8FB14003B3F1F /* iOSMakeUp */,
				6FCF350E19D8FB14003B3F1F /* iOSMakeUpTests */,
			);
		};
/* End PBXProject section */

/* Begin PBXResourcesBuildPhase section */
		6FCF34F219D8FB14003B3F1F /* Resources */ = {
			isa = PBXResourcesBuildPhase;
			buildActionMask = 2147483647;
			files = (
				6FCF350219D8FB14003B3F1F /* InfoPlist.strings in Resources */,
				6FCF350A19D8FB14003B3F1F /* Images.xcassets in Resources */,
			);
			runOnlyForDeploymentPostprocessing = 0;
		};
		6FCF350D19D8FB14003B3F1F /* Resources */ = {
			isa = PBXResourcesBuildPhase;
			buildActionMask = 2147483647;
			files = (
				6FCF351B19D8FB14003B3F1F /* InfoPlist.strings in Resources */,
			);
			runOnlyForDeploymentPostprocessing = 0;
		};
/* End PBXResourcesBuildPhase section */

/* Begin PBXSourcesBuildPhase section */
		6FCF34F019D8FB14003B3F1F /* Sources */ = {
			isa = PBXSourcesBuildPhase;
			buildActionMask = 2147483647;
			files = (
				6FCF350819D8FB14003B3F1F /* AppDelegate.m in Sources */,
				6FCF350419D8FB14003B3F1F /* main.m in Sources */,
			);
			runOnlyForDeploymentPostprocessing = 0;
		};
		6FCF350B19D8FB14003B3F1F /* Sources */ = {
			isa = PBXSourcesBuildPhase;
			buildActionMask = 2147483647;
			files = (
				6FCF351D19D8FB14003B3F1F /* iOSMakeUpTests.m in Sources */,
			);
			runOnlyForDeploymentPostprocessing = 0;
		};
/* End PBXSourcesBuildPhase section */

/* Begin PBXTargetDependency section */
		6FCF351519D8FB14003B3F1F /* PBXTargetDependency */ = {
			isa = PBXTargetDependency;
			target = 6FCF34F319D8FB14003B3F1F /* iOSMakeUp */;
			targetProxy = 6FCF351419D8FB14003B3F1F /* PBXContainerItemProxy */;
		};
/* End PBXTargetDependency section */

/* Begin PBXVariantGroup section */
		6FCF350019D8FB14003B3F1F /* InfoPlist.strings */ = {
			isa = PBXVariantGroup;
			children = (
				6FCF350119D8FB14003B3F1F /* en */,
			);
			name = InfoPlist.strings;
			sourceTree = "<group>";
		};
		6FCF351919D8FB14003B3F1F /* InfoPlist.strings */ = {
			isa = PBXVariantGroup;
			children = (
				6FCF351A19D8FB14003B3F1F /* en */,
			);
			name = InfoPlist.strings;
			sourceTree = "<group>";
		};
/* End PBXVariantGroup section */

/* Begin XCBuildConfiguration section */
		6FCF351E19D8FB14003B3F1F /* Debug */ = {
			isa = XCBuildConfiguration;
			buildSettings = {
				ALWAYS_SEARCH_USER_PATHS = NO;
				CLANG_CXX_LANGUAGE_STANDARD = "gnu++0x";
				CLANG_CXX_LIBRARY = "libc++";
				CLANG_ENABLE_MODULES = YES;
				CLANG_ENABLE_OBJC_ARC = YES;
				CLANG_WARN_BOOL_CONVERSION = YES;
				CLANG_WARN_CONSTANT_CONVERSION = YES;
				CLANG_WARN_DIRECT_OBJC_ISA_USAGE = YES_ERROR;
				CLANG_WARN_EMPTY_BODY = YES;
				CLANG_WARN_ENUM_CONVERSION = YES;
				CLANG_WARN_INT_CONVERSION = YES;
				CLANG_WARN_OBJC_ROOT_CLASS = YES_ERROR;
				CLANG_WARN__DUPLICATE_METHOD_MATCH = YES;
				"CODE_SIGN_IDENTITY[sdk=iphoneos*]" = "iPhone Developer";
				COPY_PHASE_STRIP = NO;
				GCC_C_LANGUAGE_STANDARD = gnu99;
				GCC_DYNAMIC_NO_PIC = NO;
				GCC_OPTIMIZATION_LEVEL = 0;
				GCC_PREPROCESSOR_DEFINITIONS = (
					"DEBUG=1",
					"$(inherited)",
				);
				GCC_SYMBOLS_PRIVATE_EXTERN = NO;
				GCC_WARN_64_TO_32_BIT_CONVERSION = YES;
				GCC_WARN_ABOUT_RETURN_TYPE = YES_ERROR;
				GCC_WARN_UNDECLARED_SELECTOR = YES;
				GCC_WARN_UNINITIALIZED_AUTOS = YES_AGGRESSIVE;
				GCC_WARN_UNUSED_FUNCTION = YES;
				GCC_WARN_UNUSED_VARIABLE = YES;
				IPHONEOS_DEPLOYMENT_TARGET = 7.1;
				ONLY_ACTIVE_ARCH = YES;
				SDKROOT = iphoneos;
			};
			name = Debug;
		};
		6FCF351F19D8FB14003B3F1F /* Release */ = {
			isa = XCBuildConfiguration;
			buildSettings = {
				ALWAYS_SEARCH_USER_PATHS = NO;
				CLANG_CXX_LANGUAGE_STANDARD = "gnu++0x";
				CLANG_CXX_LIBRARY = "libc++";
				CLANG_ENABLE_MODULES = YES;
				CLANG_ENABLE_OBJC_ARC = YES;
				CLANG_WARN_BOOL_CONVERSION = YES;
				CLANG_WARN_CONSTANT_CONVERSION = YES;
				CLANG_WARN_DIRECT_OBJC_ISA_USAGE = YES_ERROR;
				CLANG_WARN_EMPTY_BODY = YES;
				CLANG_WARN_ENUM_CONVERSION = YES;
				CLANG_WARN_INT_CONVERSION = YES;
				CLANG_WARN_OBJC_ROOT_CLASS = YES_ERROR;
				CLANG_WARN__DUPLICATE_METHOD_MATCH = YES;
				"CODE_SIGN_IDENTITY[sdk=iphoneos*]" = "iPhone Developer";
				COPY_PHASE_STRIP = YES;
				ENABLE_NS_ASSERTIONS = NO;
				GCC_C_LANGUAGE_STANDARD = gnu99;
				GCC_WARN_64_TO_32_BIT_CONVERSION = YES;
				GCC_WARN_ABOUT_RETURN_TYPE = YES_ERROR;
				GCC_WARN_UNDECLARED_SELECTOR = YES;
				GCC_WARN_UNINITIALIZED_AUTOS = YES_AGGRESSIVE;
				GCC_WARN_UNUSED_FUNCTION = YES;
				GCC_WARN_UNUSED_VARIABLE = YES;
				IPHONEOS_DEPLOYMENT_TARGET = 7.1;
				SDKROOT = iphoneos;
				VALIDATE_PRODUCT = YES;
			};
			name = Release;
		};
		6FCF352119D8FB14003B3F1F /* Debug */ = {
			isa = XCBuildConfiguration;
			buildSettings = {
				ASSETCATALOG_COMPILER_APPICON_NAME = AppIcon;
				ASSETCATALOG_COMPILER_LAUNCHIMAGE_NAME = LaunchImage;
				GCC_PRECOMPILE_PREFIX_HEADER = YES;
				GCC_PREFIX_HEADER = "iOSMakeUp/iOSMakeUp-Prefix.pch";
				INFOPLIST_FILE = "iOSMakeUp/iOSMakeUp-Info.plist";
				PRODUCT_NAME = "$(TARGET_NAME)";
				WRAPPER_EXTENSION = app;
			};
			name = Debug;
		};
		6FCF352219D8FB14003B3F1F /* Release */ = {
			isa = XCBuildConfiguration;
			buildSettings = {
				ASSETCATALOG_COMPILER_APPICON_NAME = AppIcon;
				ASSETCATALOG_COMPILER_LAUNCHIMAGE_NAME = LaunchImage;
				GCC_PRECOMPILE_PREFIX_HEADER = YES;
				GCC_PREFIX_HEADER = "iOSMakeUp/iOSMakeUp-Prefix.pch";
				INFOPLIST_FILE = "iOSMakeUp/iOSMakeUp-Info.plist";
				PRODUCT_NAME = "$(TARGET_NAME)";
				WRAPPER_EXTENSION = app;
			};
			name = Release;
		};
		6FCF352419D8FB14003B3F1F /* Debug */ = {
			isa = XCBuildConfiguration;
			buildSettings = {
				BUNDLE_LOADER = "$(BUILT_PRODUCTS_DIR)/iOSMakeUp.app/iOSMakeUp";
				FRAMEWORK_SEARCH_PATHS = (
					"$(SDKROOT)/Developer/Library/Frameworks",
					"$(inherited)",
					"$(DEVELOPER_FRAMEWORKS_DIR)",
				);
				GCC_PRECOMPILE_PREFIX_HEADER = YES;
				GCC_PREFIX_HEADER = "iOSMakeUp/iOSMakeUp-Prefix.pch";
				GCC_PREPROCESSOR_DEFINITIONS = (
					"DEBUG=1",
					"$(inherited)",
				);
				INFOPLIST_FILE = "iOSMakeUpTests/iOSMakeUpTests-Info.plist";
				PRODUCT_NAME = "$(TARGET_NAME)";
				TEST_HOST = "$(BUNDLE_LOADER)";
				WRAPPER_EXTENSION = xctest;
			};
			name = Debug;
		};
		6FCF352519D8FB14003B3F1F /* Release */ = {
			isa = XCBuildConfiguration;
			buildSettings = {
				BUNDLE_LOADER = "$(BUILT_PRODUCTS_DIR)/iOSMakeUp.app/iOSMakeUp";
				FRAMEWORK_SEARCH_PATHS = (
					"$(SDKROOT)/Developer/Library/Frameworks",
					"$(inherited)",
					"$(DEVELOPER_FRAMEWORKS_DIR)",
				);
				GCC_PRECOMPILE_PREFIX_HEADER = YES;
				GCC_PREFIX_HEADER = "iOSMakeUp/iOSMakeUp-Prefix.pch";
				INFOPLIST_FILE = "iOSMakeUpTests/iOSMakeUpTests-Info.plist";
				PRODUCT_NAME = "$(TARGET_NAME)";
				TEST_HOST = "$(BUNDLE_LOADER)";
				WRAPPER_EXTENSION = xctest;
			};
			name = Release;
		};
/* End XCBuildConfiguration section */

/* Begin XCConfigurationList section */
		6FCF34EF19D8FB14003B3F1F /* Build configuration list for PBXProject "iOSMakeUp" */ = {
			isa = XCConfigurationList;
			buildConfigurations = (
				6FCF351E19D8FB14003B3F1F /* Debug */,
				6FCF351F19D8FB14003B3F1F /* Release */,
			);
			defaultConfigurationIsVisible = 0;
			defaultConfigurationName = Release;
		};
		6FCF352019D8FB14003B3F1F /* Build configuration list for PBXNativeTarget "iOSMakeUp" */ = {
			isa = XCConfigurationList;
			buildConfigurations = (
				6FCF352119D8FB14003B3F1F /* Debug */,
				6FCF352219D8FB14003B3F1F /* Release */,
			);
			defaultConfigurationIsVisible = 0;
		};
		6FCF352319D8FB14003B3F1F /* Build configuration list for PBXNativeTarget "iOSMakeUpTests" */ = {
			isa = XCConfigurationList;
			buildConfigurations = (
				6FCF352419D8FB14003B3F1F /* Debug */,
				6FCF352519D8FB14003B3F1F /* Release */,
			);
			defaultConfigurationIsVisible = 0;
		};
/* End XCConfigurationList section */
	};
	rootObject = 6FCF34EC19D8FB14003B3F1F /* Project object */;
}
